// !$*UTF8*$!
{
	archiveVersion = 1;
	classes = {
	};
	objectVersion = 56;
	objects = {

/* Begin PBXBuildFile section */
		A19767372AFE0F3300FE0220 /* AppDelegate.swift in Sources */ = {isa = PBXBuildFile; fileRef = A19767362AFE0F3300FE0220 /* AppDelegate.swift */; };
		A19767392AFE0F3300FE0220 /* SceneDelegate.swift in Sources */ = {isa = PBXBuildFile; fileRef = A19767382AFE0F3300FE0220 /* SceneDelegate.swift */; };
		A197673B2AFE0F3300FE0220 /* MovieView.swift in Sources */ = {isa = PBXBuildFile; fileRef = A197673A2AFE0F3300FE0220 /* MovieView.swift */; };
		A19767402AFE0F3400FE0220 /* Assets.xcassets in Resources */ = {isa = PBXBuildFile; fileRef = A197673F2AFE0F3400FE0220 /* Assets.xcassets */; };
		A19767432AFE0F3400FE0220 /* LaunchScreen.storyboard in Resources */ = {isa = PBXBuildFile; fileRef = A19767412AFE0F3400FE0220 /* LaunchScreen.storyboard */; };
		A197674B2AFE145D00FE0220 /* MovieTableViewCell.swift in Sources */ = {isa = PBXBuildFile; fileRef = A197674A2AFE145D00FE0220 /* MovieTableViewCell.swift */; };
		A197674D2AFE1BB500FE0220 /* MovieModel.swift in Sources */ = {isa = PBXBuildFile; fileRef = A197674C2AFE1BB500FE0220 /* MovieModel.swift */; };
		A197674F2AFE261D00FE0220 /* NetworkManager.swift in Sources */ = {isa = PBXBuildFile; fileRef = A197674E2AFE261D00FE0220 /* NetworkManager.swift */; };
		A197677C2B07EF2100FE0220 /* MovieViewModel.swift in Sources */ = {isa = PBXBuildFile; fileRef = A197677B2B07EF2100FE0220 /* MovieViewModel.swift */; };
/* End PBXBuildFile section */

/* Begin PBXFileReference section */
		A19767332AFE0F3300FE0220 /* Assignment20-mvvm.app */ = {isa = PBXFileReference; explicitFileType = wrapper.application; includeInIndex = 0; path = "Assignment20-mvvm.app"; sourceTree = BUILT_PRODUCTS_DIR; };
		A19767362AFE0F3300FE0220 /* AppDelegate.swift */ = {isa = PBXFileReference; lastKnownFileType = sourcecode.swift; path = AppDelegate.swift; sourceTree = "<group>"; };
		A19767382AFE0F3300FE0220 /* SceneDelegate.swift */ = {isa = PBXFileReference; lastKnownFileType = sourcecode.swift; path = SceneDelegate.swift; sourceTree = "<group>"; };
		A197673A2AFE0F3300FE0220 /* MovieView.swift */ = {isa = PBXFileReference; lastKnownFileType = sourcecode.swift; path = MovieView.swift; sourceTree = "<group>"; };
		A197673F2AFE0F3400FE0220 /* Assets.xcassets */ = {isa = PBXFileReference; lastKnownFileType = folder.assetcatalog; path = Assets.xcassets; sourceTree = "<group>"; };
		A19767422AFE0F3400FE0220 /* Base */ = {isa = PBXFileReference; lastKnownFileType = file.storyboard; name = Base; path = Base.lproj/LaunchScreen.storyboard; sourceTree = "<group>"; };
		A19767442AFE0F3400FE0220 /* Info.plist */ = {isa = PBXFileReference; lastKnownFileType = text.plist.xml; path = Info.plist; sourceTree = "<group>"; };
		A197674A2AFE145D00FE0220 /* MovieTableViewCell.swift */ = {isa = PBXFileReference; lastKnownFileType = sourcecode.swift; path = MovieTableViewCell.swift; sourceTree = "<group>"; };
		A197674C2AFE1BB500FE0220 /* MovieModel.swift */ = {isa = PBXFileReference; lastKnownFileType = sourcecode.swift; path = MovieModel.swift; sourceTree = "<group>"; };
		A197674E2AFE261D00FE0220 /* NetworkManager.swift */ = {isa = PBXFileReference; lastKnownFileType = sourcecode.swift; path = NetworkManager.swift; sourceTree = "<group>"; };
		A197677B2B07EF2100FE0220 /* MovieViewModel.swift */ = {isa = PBXFileReference; lastKnownFileType = sourcecode.swift; path = MovieViewModel.swift; sourceTree = "<group>"; };
/* End PBXFileReference section */

/* Begin PBXFrameworksBuildPhase section */
		A19767302AFE0F3300FE0220 /* Frameworks */ = {
			isa = PBXFrameworksBuildPhase;
			buildActionMask = 2147483647;
			files = (
			);
			runOnlyForDeploymentPostprocessing = 0;
		};
/* End PBXFrameworksBuildPhase section */

/* Begin PBXGroup section */
		A197672A2AFE0F3300FE0220 = {
			isa = PBXGroup;
			children = (
				A19767352AFE0F3300FE0220 /* Assignment20-mvvm */,
				A19767342AFE0F3300FE0220 /* Products */,
			);
			sourceTree = "<group>";
		};
		A19767342AFE0F3300FE0220 /* Products */ = {
			isa = PBXGroup;
			children = (
				A19767332AFE0F3300FE0220 /* Assignment20-mvvm.app */,
			);
			name = Products;
			sourceTree = "<group>";
		};
		A19767352AFE0F3300FE0220 /* Assignment20-mvvm */ = {
			isa = PBXGroup;
			children = (
				A19767362AFE0F3300FE0220 /* AppDelegate.swift */,
				A19767382AFE0F3300FE0220 /* SceneDelegate.swift */,
				A19767752B0784A200FE0220 /* MVVM */,
				A197673F2AFE0F3400FE0220 /* Assets.xcassets */,
				A19767412AFE0F3400FE0220 /* LaunchScreen.storyboard */,
				A19767442AFE0F3400FE0220 /* Info.plist */,
			);
			path = "Assignment20-mvvm";
			sourceTree = "<group>";
		};
		A19767752B0784A200FE0220 /* MVVM */ = {
			isa = PBXGroup;
			children = (
				A197674C2AFE1BB500FE0220 /* MovieModel.swift */,
				A197677B2B07EF2100FE0220 /* MovieViewModel.swift */,
				A197673A2AFE0F3300FE0220 /* MovieView.swift */,
				A197674A2AFE145D00FE0220 /* MovieTableViewCell.swift */,
				A197674E2AFE261D00FE0220 /* NetworkManager.swift */,
			);
			path = MVVM;
			sourceTree = "<group>";
		};
/* End PBXGroup section */

/* Begin PBXNativeTarget section */
		A19767322AFE0F3300FE0220 /* Assignment20-mvvm */ = {
			isa = PBXNativeTarget;
			buildConfigurationList = A19767472AFE0F3400FE0220 /* Build configuration list for PBXNativeTarget "Assignment20-mvvm" */;
			buildPhases = (
				A197672F2AFE0F3300FE0220 /* Sources */,
				A19767302AFE0F3300FE0220 /* Frameworks */,
				A19767312AFE0F3300FE0220 /* Resources */,
			);
			buildRules = (
			);
			dependencies = (
			);
			name = "Assignment20-mvvm";
			productName = "Assignment18-networking";
			productReference = A19767332AFE0F3300FE0220 /* Assignment20-mvvm.app */;
			productType = "com.apple.product-type.application";
		};
/* End PBXNativeTarget section */

/* Begin PBXProject section */
		A197672B2AFE0F3300FE0220 /* Project object */ = {
			isa = PBXProject;
			attributes = {
				BuildIndependentTargetsInParallel = 1;
				LastSwiftUpdateCheck = 1500;
				LastUpgradeCheck = 1500;
				TargetAttributes = {
					A19767322AFE0F3300FE0220 = {
						CreatedOnToolsVersion = 15.0.1;
					};
				};
			};
			buildConfigurationList = A197672E2AFE0F3300FE0220 /* Build configuration list for PBXProject "Assignment20-mvvm" */;
			compatibilityVersion = "Xcode 14.0";
			developmentRegion = en;
			hasScannedForEncodings = 0;
			knownRegions = (
				en,
				Base,
			);
			mainGroup = A197672A2AFE0F3300FE0220;
			productRefGroup = A19767342AFE0F3300FE0220 /* Products */;
			projectDirPath = "";
			projectRoot = "";
			targets = (
				A19767322AFE0F3300FE0220 /* Assignment20-mvvm */,
			);
		};
/* End PBXProject section */

/* Begin PBXResourcesBuildPhase section */
		A19767312AFE0F3300FE0220 /* Resources */ = {
			isa = PBXResourcesBuildPhase;
			buildActionMask = 2147483647;
			files = (
				A19767432AFE0F3400FE0220 /* LaunchScreen.storyboard in Resources */,
				A19767402AFE0F3400FE0220 /* Assets.xcassets in Resources */,
			);
			runOnlyForDeploymentPostprocessing = 0;
		};
/* End PBXResourcesBuildPhase section */

/* Begin PBXSourcesBuildPhase section */
		A197672F2AFE0F3300FE0220 /* Sources */ = {
			isa = PBXSourcesBuildPhase;
			buildActionMask = 2147483647;
			files = (
				A197673B2AFE0F3300FE0220 /* MovieView.swift in Sources */,
				A19767372AFE0F3300FE0220 /* AppDelegate.swift in Sources */,
				A197674D2AFE1BB500FE0220 /* MovieModel.swift in Sources */,
				A197677C2B07EF2100FE0220 /* MovieViewModel.swift in Sources */,
				A197674B2AFE145D00FE0220 /* MovieTableViewCell.swift in Sources */,
				A197674F2AFE261D00FE0220 /* NetworkManager.swift in Sources */,
				A19767392AFE0F3300FE0220 /* SceneDelegate.swift in Sources */,
			);
			runOnlyForDeploymentPostprocessing = 0;
		};
/* End PBXSourcesBuildPhase section */

/* Begin PBXVariantGroup section */
		A19767412AFE0F3400FE0220 /* LaunchScreen.storyboard */ = {
			isa = PBXVariantGroup;
			children = (
				A19767422AFE0F3400FE0220 /* Base */,
			);
			name = LaunchScreen.storyboard;
			sourceTree = "<group>";
		};
/* End PBXVariantGroup section */

/* Begin XCBuildConfiguration section */
		A19767452AFE0F3400FE0220 /* Debug */ = {
			isa = XCBuildConfiguration;
			buildSettings = {
				ALWAYS_SEARCH_USER_PATHS = NO;
				ASSETCATALOG_COMPILER_GENERATE_SWIFT_ASSET_SYMBOL_EXTENSIONS = YES;
				CLANG_ANALYZER_NONNULL = YES;
				CLANG_ANALYZER_NUMBER_OBJECT_CONVERSION = YES_AGGRESSIVE;
				CLANG_CXX_LANGUAGE_STANDARD = "gnu++20";
				CLANG_ENABLE_MODULES = YES;
				CLANG_ENABLE_OBJC_ARC = YES;
				CLANG_ENABLE_OBJC_WEAK = YES;
				CLANG_WARN_BLOCK_CAPTURE_AUTORELEASING = YES;
				CLANG_WARN_BOOL_CONVERSION = YES;
				CLANG_WARN_COMMA = YES;
				CLANG_WARN_CONSTANT_CONVERSION = YES;
				CLANG_WARN_DEPRECATED_OBJC_IMPLEMENTATIONS = YES;
				CLANG_WARN_DIRECT_OBJC_ISA_USAGE = YES_ERROR;
				CLANG_WARN_DOCUMENTATION_COMMENTS = YES;
				CLANG_WARN_EMPTY_BODY = YES;
				CLANG_WARN_ENUM_CONVERSION = YES;
				CLANG_WARN_INFINITE_RECURSION = YES;
				CLANG_WARN_INT_CONVERSION = YES;
				CLANG_WARN_NON_LITERAL_NULL_CONVERSION = YES;
				CLANG_WARN_OBJC_IMPLICIT_RETAIN_SELF = YES;
				CLANG_WARN_OBJC_LITERAL_CONVERSION = YES;
				CLANG_WARN_OBJC_ROOT_CLASS = YES_ERROR;
				CLANG_WARN_QUOTED_INCLUDE_IN_FRAMEWORK_HEADER = YES;
				CLANG_WARN_RANGE_LOOP_ANALYSIS = YES;
				CLANG_WARN_STRICT_PROTOTYPES = YES;
				CLANG_WARN_SUSPICIOUS_MOVE = YES;
				CLANG_WARN_UNGUARDED_AVAILABILITY = YES_AGGRESSIVE;
				CLANG_WARN_UNREACHABLE_CODE = YES;
				CLANG_WARN__DUPLICATE_METHOD_MATCH = YES;
				COPY_PHASE_STRIP = NO;
				DEBUG_INFORMATION_FORMAT = dwarf;
				ENABLE_STRICT_OBJC_MSGSEND = YES;
				ENABLE_TESTABILITY = YES;
				ENABLE_USER_SCRIPT_SANDBOXING = YES;
				GCC_C_LANGUAGE_STANDARD = gnu17;
				GCC_DYNAMIC_NO_PIC = NO;
				GCC_NO_COMMON_BLOCKS = YES;
				GCC_OPTIMIZATION_LEVEL = 0;
				GCC_PREPROCESSOR_DEFINITIONS = (
					"DEBUG=1",
					"$(inherited)",
				);
				GCC_WARN_64_TO_32_BIT_CONVERSION = YES;
				GCC_WARN_ABOUT_RETURN_TYPE = YES_ERROR;
				GCC_WARN_UNDECLARED_SELECTOR = YES;
				GCC_WARN_UNINITIALIZED_AUTOS = YES_AGGRESSIVE;
				GCC_WARN_UNUSED_FUNCTION = YES;
				GCC_WARN_UNUSED_VARIABLE = YES;
				IPHONEOS_DEPLOYMENT_TARGET = 17.0;
				LOCALIZATION_PREFERS_STRING_CATALOGS = YES;
				MTL_ENABLE_DEBUG_INFO = INCLUDE_SOURCE;
				MTL_FAST_MATH = YES;
				ONLY_ACTIVE_ARCH = YES;
				SDKROOT = iphoneos;
				SWIFT_ACTIVE_COMPILATION_CONDITIONS = "DEBUG $(inherited)";
				SWIFT_OPTIMIZATION_LEVEL = "-Onone";
			};
			name = Debug;
		};
		A19767462AFE0F3400FE0220 /* Release */ = {
			isa = XCBuildConfiguration;
			buildSettings = {
				ALWAYS_SEARCH_USER_PATHS = NO;
				ASSETCATALOG_COMPILER_GENERATE_SWIFT_ASSET_SYMBOL_EXTENSIONS = YES;
				CLANG_ANALYZER_NONNULL = YES;
				CLANG_ANALYZER_NUMBER_OBJECT_CONVERSION = YES_AGGRESSIVE;
				CLANG_CXX_LANGUAGE_STANDARD = "gnu++20";
				CLANG_ENABLE_MODULES = YES;
				CLANG_ENABLE_OBJC_ARC = YES;
				CLANG_ENABLE_OBJC_WEAK = YES;
				CLANG_WARN_BLOCK_CAPTURE_AUTORELEASING = YES;
				CLANG_WARN_BOOL_CONVERSION = YES;
				CLANG_WARN_COMMA = YES;
				CLANG_WARN_CONSTANT_CONVERSION = YES;
				CLANG_WARN_DEPRECATED_OBJC_IMPLEMENTATIONS = YES;
				CLANG_WARN_DIRECT_OBJC_ISA_USAGE = YES_ERROR;
				CLANG_WARN_DOCUMENTATION_COMMENTS = YES;
				CLANG_WARN_EMPTY_BODY = YES;
				CLANG_WARN_ENUM_CONVERSION = YES;
				CLANG_WARN_INFINITE_RECURSION = YES;
				CLANG_WARN_INT_CONVERSION = YES;
				CLANG_WARN_NON_LITERAL_NULL_CONVERSION = YES;
				CLANG_WARN_OBJC_IMPLICIT_RETAIN_SELF = YES;
				CLANG_WARN_OBJC_LITERAL_CONVERSION = YES;
				CLANG_WARN_OBJC_ROOT_CLASS = YES_ERROR;
				CLANG_WARN_QUOTED_INCLUDE_IN_FRAMEWORK_HEADER = YES;
				CLANG_WARN_RANGE_LOOP_ANALYSIS = YES;
				CLANG_WARN_STRICT_PROTOTYPES = YES;
				CLANG_WARN_SUSPICIOUS_MOVE = YES;
				CLANG_WARN_UNGUARDED_AVAILABILITY = YES_AGGRESSIVE;
				CLANG_WARN_UNREACHABLE_CODE = YES;
				CLANG_WARN__DUPLICATE_METHOD_MATCH = YES;
				COPY_PHASE_STRIP = NO;
				DEBUG_INFORMATION_FORMAT = "dwarf-with-dsym";
				ENABLE_NS_ASSERTIONS = NO;
				ENABLE_STRICT_OBJC_MSGSEND = YES;
				ENABLE_USER_SCRIPT_SANDBOXING = YES;
				GCC_C_LANGUAGE_STANDARD = gnu17;
				GCC_NO_COMMON_BLOCKS = YES;
				GCC_WARN_64_TO_32_BIT_CONVERSION = YES;
				GCC_WARN_ABOUT_RETURN_TYPE = YES_ERROR;
				GCC_WARN_UNDECLARED_SELECTOR = YES;
				GCC_WARN_UNINITIALIZED_AUTOS = YES_AGGRESSIVE;
				GCC_WARN_UNUSED_FUNCTION = YES;
				GCC_WARN_UNUSED_VARIABLE = YES;
				IPHONEOS_DEPLOYMENT_TARGET = 17.0;
				LOCALIZATION_PREFERS_STRING_CATALOGS = YES;
				MTL_ENABLE_DEBUG_INFO = NO;
				MTL_FAST_MATH = YES;
				SDKROOT = iphoneos;
				SWIFT_COMPILATION_MODE = wholemodule;
				VALIDATE_PRODUCT = YES;
			};
			name = Release;
		};
		A19767482AFE0F3400FE0220 /* Debug */ = {
			isa = XCBuildConfiguration;
			buildSettings = {
				ASSETCATALOG_COMPILER_APPICON_NAME = AppIcon;
				ASSETCATALOG_COMPILER_GLOBAL_ACCENT_COLOR_NAME = AccentColor;
				CODE_SIGN_STYLE = Automatic;
				CURRENT_PROJECT_VERSION = 1;
				DEVELOPMENT_TEAM = PK6XSJ53V5;
				GENERATE_INFOPLIST_FILE = YES;
				INFOPLIST_FILE = "Assignment20-mvvm/Info.plist";
				INFOPLIST_KEY_UIApplicationSupportsIndirectInputEvents = YES;
				INFOPLIST_KEY_UILaunchStoryboardName = LaunchScreen;
				INFOPLIST_KEY_UIMainStoryboardFile = "";
				INFOPLIST_KEY_UISupportedInterfaceOrientations_iPad = "UIInterfaceOrientationPortrait UIInterfaceOrientationPortraitUpsideDown UIInterfaceOrientationLandscapeLeft UIInterfaceOrientationLandscapeRight";
				INFOPLIST_KEY_UISupportedInterfaceOrientations_iPhone = "UIInterfaceOrientationPortrait UIInterfaceOrientationLandscapeLeft UIInterfaceOrientationLandscapeRight";
				LD_RUNPATH_SEARCH_PATHS = (
					"$(inherited)",
					"@executable_path/Frameworks",
				);
				MARKETING_VERSION = 1.0;
				PRODUCT_BUNDLE_IDENTIFIER = "com.Luka.Assignment18.Assignment18-networking";
				PRODUCT_NAME = "$(TARGET_NAME)";
				SWIFT_EMIT_LOC_STRINGS = YES;
				SWIFT_VERSION = 5.0;
				TARGETED_DEVICE_FAMILY = "1,2";
			};
			name = Debug;
		};
		A19767492AFE0F3400FE0220 /* Release */ = {
			isa = XCBuildConfiguration;
			buildSettings = {
				ASSETCATALOG_COMPILER_APPICON_NAME = AppIcon;
				ASSETCATALOG_COMPILER_GLOBAL_ACCENT_COLOR_NAME = AccentColor;
				CODE_SIGN_STYLE = Automatic;
				CURRENT_PROJECT_VERSION = 1;
				DEVELOPMENT_TEAM = PK6XSJ53V5;
				GENERATE_INFOPLIST_FILE = YES;
				INFOPLIST_FILE = "Assignment20-mvvm/Info.plist";
				INFOPLIST_KEY_UIApplicationSupportsIndirectInputEvents = YES;
				INFOPLIST_KEY_UILaunchStoryboardName = LaunchScreen;
				INFOPLIST_KEY_UIMainStoryboardFile = "";
				INFOPLIST_KEY_UISupportedInterfaceOrientations_iPad = "UIInterfaceOrientationPortrait UIInterfaceOrientationPortraitUpsideDown UIInterfaceOrientationLandscapeLeft UIInterfaceOrientationLandscapeRight";
				INFOPLIST_KEY_UISupportedInterfaceOrientations_iPhone = "UIInterfaceOrientationPortrait UIInterfaceOrientationLandscapeLeft UIInterfaceOrientationLandscapeRight";
				LD_RUNPATH_SEARCH_PATHS = (
					"$(inherited)",
					"@executable_path/Frameworks",
				);
				MARKETING_VERSION = 1.0;
				PRODUCT_BUNDLE_IDENTIFIER = "com.Luka.Assignment18.Assignment18-networking";
				PRODUCT_NAME = "$(TARGET_NAME)";
				SWIFT_EMIT_LOC_STRINGS = YES;
				SWIFT_VERSION = 5.0;
				TARGETED_DEVICE_FAMILY = "1,2";
			};
			name = Release;
		};
/* End XCBuildConfiguration section */

/* Begin XCConfigurationList section */
		A197672E2AFE0F3300FE0220 /* Build configuration list for PBXProject "Assignment20-mvvm" */ = {
			isa = XCConfigurationList;
			buildConfigurations = (
				A19767452AFE0F3400FE0220 /* Debug */,
				A19767462AFE0F3400FE0220 /* Release */,
			);
			defaultConfigurationIsVisible = 0;
			defaultConfigurationName = Release;
		};
		A19767472AFE0F3400FE0220 /* Build configuration list for PBXNativeTarget "Assignment20-mvvm" */ = {
			isa = XCConfigurationList;
			buildConfigurations = (
				A19767482AFE0F3400FE0220 /* Debug */,
				A19767492AFE0F3400FE0220 /* Release */,
			);
			defaultConfigurationIsVisible = 0;
			defaultConfigurationName = Release;
		};
/* End XCConfigurationList section */
	};
	rootObject = A197672B2AFE0F3300FE0220 /* Project object */;
}
